// !$*UTF8*$!
{
	archiveVersion = 1;
	classes = {
	};
	objectVersion = 48;
	objects = {

/* Begin PBXBuildFile section */
		025E2B311F7599BD00FB9780 /* AppDelegate.swift in Sources */ = {isa = PBXBuildFile; fileRef = 025E2B301F7599BD00FB9780 /* AppDelegate.swift */; };
		025E2B331F7599BD00FB9780 /* ViewController.swift in Sources */ = {isa = PBXBuildFile; fileRef = 025E2B321F7599BD00FB9780 /* ViewController.swift */; };
		025E2B361F7599BD00FB9780 /* Main.storyboard in Resources */ = {isa = PBXBuildFile; fileRef = 025E2B341F7599BD00FB9780 /* Main.storyboard */; };
		025E2B381F7599BD00FB9780 /* Assets.xcassets in Resources */ = {isa = PBXBuildFile; fileRef = 025E2B371F7599BD00FB9780 /* Assets.xcassets */; };
		025E2B3B1F7599BD00FB9780 /* LaunchScreen.storyboard in Resources */ = {isa = PBXBuildFile; fileRef = 025E2B391F7599BD00FB9780 /* LaunchScreen.storyboard */; };
/* End PBXBuildFile section */

/* Begin PBXFileReference section */
		025E2B2D1F7599BD00FB9780 /* HwSProject19.app */ = {isa = PBXFileReference; explicitFileType = wrapper.application; includeInIndex = 0; path = HwSProject19.app; sourceTree = BUILT_PRODUCTS_DIR; };
		025E2B301F7599BD00FB9780 /* AppDelegate.swift */ = {isa = PBXFileReference; lastKnownFileType = sourcecode.swift; path = AppDelegate.swift; sourceTree = "<group>"; };
		025E2B321F7599BD00FB9780 /* ViewController.swift */ = {isa = PBXFileReference; lastKnownFileType = sourcecode.swift; path = ViewController.swift; sourceTree = "<group>"; };
		025E2B351F7599BD00FB9780 /* Base */ = {isa = PBXFileReference; lastKnownFileType = file.storyboard; name = Base; path = Base.lproj/Main.storyboard; sourceTree = "<group>"; };
		025E2B371F7599BD00FB9780 /* Assets.xcassets */ = {isa = PBXFileReference; lastKnownFileType = folder.assetcatalog; path = Assets.xcassets; sourceTree = "<group>"; };
		025E2B3A1F7599BD00FB9780 /* Base */ = {isa = PBXFileReference; lastKnownFileType = file.storyboard; name = Base; path = Base.lproj/LaunchScreen.storyboard; sourceTree = "<group>"; };
		025E2B3C1F7599BD00FB9780 /* Info.plist */ = {isa = PBXFileReference; lastKnownFileType = text.plist.xml; path = Info.plist; sourceTree = "<group>"; };
/* End PBXFileReference section */

/* Begin PBXFrameworksBuildPhase section */
		025E2B2A1F7599BD00FB9780 /* Frameworks */ = {
			isa = PBXFrameworksBuildPhase;
			buildActionMask = 2147483647;
			files = (
			);
			runOnlyForDeploymentPostprocessing = 0;
		};
/* End PBXFrameworksBuildPhase section */

/* Begin PBXGroup section */
		025E2B241F7599BC00FB9780 = {
			isa = PBXGroup;
			children = (
				025E2B2F1F7599BD00FB9780 /* HwSProject19 */,
				025E2B2E1F7599BD00FB9780 /* Products */,
			);
			sourceTree = "<group>";
		};
		025E2B2E1F7599BD00FB9780 /* Products */ = {
			isa = PBXGroup;
			children = (
				025E2B2D1F7599BD00FB9780 /* HwSProject19.app */,
			);
			name = Products;
			sourceTree = "<group>";
		};
		025E2B2F1F7599BD00FB9780 /* HwSProject19 */ = {
			isa = PBXGroup;
			children = (
				025E2B301F7599BD00FB9780 /* AppDelegate.swift */,
				025E2B321F7599BD00FB9780 /* ViewController.swift */,
				025E2B341F7599BD00FB9780 /* Main.storyboard */,
				025E2B371F7599BD00FB9780 /* Assets.xcassets */,
				025E2B391F7599BD00FB9780 /* LaunchScreen.storyboard */,
				025E2B3C1F7599BD00FB9780 /* Info.plist */,
			);
			path = HwSProject19;
			sourceTree = "<group>";
		};
/* End PBXGroup section */

/* Begin PBXNativeTarget section */
		025E2B2C1F7599BD00FB9780 /* HwSProject19 */ = {
			isa = PBXNativeTarget;
			buildConfigurationList = 025E2B3F1F7599BD00FB9780 /* Build configuration list for PBXNativeTarget "HwSProject19" */;
			buildPhases = (
				025E2B291F7599BD00FB9780 /* Sources */,
				025E2B2A1F7599BD00FB9780 /* Frameworks */,
				025E2B2B1F7599BD00FB9780 /* Resources */,
			);
			buildRules = (
			);
			dependencies = (
			);
			name = HwSProject19;
			productName = HwSProject19;
			productReference = 025E2B2D1F7599BD00FB9780 /* HwSProject19.app */;
			productType = "com.apple.product-type.application";
		};
/* End PBXNativeTarget section */

/* Begin PBXProject section */
		025E2B251F7599BC00FB9780 /* Project object */ = {
			isa = PBXProject;
			attributes = {
				LastSwiftUpdateCheck = 0900;
				LastUpgradeCheck = 0900;
				ORGANIZATIONNAME = "Skyler Svendsen";
				TargetAttributes = {
					025E2B2C1F7599BD00FB9780 = {
						CreatedOnToolsVersion = 9.0;
						ProvisioningStyle = Automatic;
					};
				};
			};
			buildConfigurationList = 025E2B281F7599BC00FB9780 /* Build configuration list for PBXProject "HwSProject19" */;
			compatibilityVersion = "Xcode 8.0";
			developmentRegion = en;
			hasScannedForEncodings = 0;
			knownRegions = (
				en,
				Base,
			);
			mainGroup = 025E2B241F7599BC00FB9780;
			productRefGroup = 025E2B2E1F7599BD00FB9780 /* Products */;
			projectDirPath = "";
			projectRoot = "";
			targets = (
				025E2B2C1F7599BD00FB9780 /* HwSProject19 */,
			);
		};
/* End PBXProject section */

/* Begin PBXResourcesBuildPhase section */
		025E2B2B1F7599BD00FB9780 /* Resources */ = {
			isa = PBXResourcesBuildPhase;
			buildActionMask = 2147483647;
			files = (
				025E2B3B1F7599BD00FB9780 /* LaunchScreen.storyboard in Resources */,
				025E2B381F7599BD00FB9780 /* Assets.xcassets in Resources */,
				025E2B361F7599BD00FB9780 /* Main.storyboard in Resources */,
			);
			runOnlyForDeploymentPostprocessing = 0;
		};
/* End PBXResourcesBuildPhase section */

/* Begin PBXSourcesBuildPhase section */
		025E2B291F7599BD00FB9780 /* Sources */ = {
			isa = PBXSourcesBuildPhase;
			buildActionMask = 2147483647;
			files = (
				025E2B331F7599BD00FB9780 /* ViewController.swift in Sources */,
				025E2B311F7599BD00FB9780 /* AppDelegate.swift in Sources */,
			);
			runOnlyForDeploymentPostprocessing = 0;
		};
/* End PBXSourcesBuildPhase section */

/* Begin PBXVariantGroup section */
		025E2B341F7599BD00FB9780 /* Main.storyboard */ = {
			isa = PBXVariantGroup;
			children = (
				025E2B351F7599BD00FB9780 /* Base */,
			);
			name = Main.storyboard;
			sourceTree = "<group>";
		};
		025E2B391F7599BD00FB9780 /* LaunchScreen.storyboard */ = {
			isa = PBXVariantGroup;
			children = (
				025E2B3A1F7599BD00FB9780 /* Base */,
			);
			name = LaunchScreen.storyboard;
			sourceTree = "<group>";
		};
/* End PBXVariantGroup section */

/* Begin XCBuildConfiguration section */
		025E2B3D1F7599BD00FB9780 /* Debug */ = {
			isa = XCBuildConfiguration;
			buildSettings = {
				ALWAYS_SEARCH_USER_PATHS = NO;
				CLANG_ANALYZER_NONNULL = YES;
				CLANG_ANALYZER_NUMBER_OBJECT_CONVERSION = YES_AGGRESSIVE;
				CLANG_CXX_LANGUAGE_STANDARD = "gnu++14";
				CLANG_CXX_LIBRARY = "libc++";
				CLANG_ENABLE_MODULES = YES;
				CLANG_ENABLE_OBJC_ARC = YES;
				CLANG_WARN_BLOCK_CAPTURE_AUTORELEASING = YES;
				CLANG_WARN_BOOL_CONVERSION = YES;
				CLANG_WARN_COMMA = YES;
				CLANG_WARN_CONSTANT_CONVERSION = YES;
				CLANG_WARN_DIRECT_OBJC_ISA_USAGE = YES_ERROR;
				CLANG_WARN_DOCUMENTATION_COMMENTS = YES;
				CLANG_WARN_EMPTY_BODY = YES;
				CLANG_WARN_ENUM_CONVERSION = YES;
				CLANG_WARN_INFINITE_RECURSION = YES;
				CLANG_WARN_INT_CONVERSION = YES;
				CLANG_WARN_NON_LITERAL_NULL_CONVERSION = YES;
				CLANG_WARN_OBJC_LITERAL_CONVERSION = YES;
				CLANG_WARN_OBJC_ROOT_CLASS = YES_ERROR;
				CLANG_WARN_RANGE_LOOP_ANALYSIS = YES;
				CLANG_WARN_STRICT_PROTOTYPES = YES;
				CLANG_WARN_SUSPICIOUS_MOVE = YES;
				CLANG_WARN_UNGUARDED_AVAILABILITY = YES_AGGRESSIVE;
				CLANG_WARN_UNREACHABLE_CODE = YES;
				CLANG_WARN__DUPLICATE_METHOD_MATCH = YES;
				CODE_SIGN_IDENTITY = "iPhone Developer";
				COPY_PHASE_STRIP = NO;
				DEBUG_INFORMATION_FORMAT = dwarf;
				ENABLE_STRICT_OBJC_MSGSEND = YES;
				ENABLE_TESTABILITY = YES;
				GCC_C_LANGUAGE_STANDARD = gnu11;
				GCC_DYNAMIC_NO_PIC = NO;
				GCC_NO_COMMON_BLOCKS = YES;
				GCC_OPTIMIZATION_LEVEL = 0;
				GCC_PREPROCESSOR_DEFINITIONS = (
					"DEBUG=1",
					"$(inherited)",
				);
				GCC_WARN_64_TO_32_BIT_CONVERSION = YES;
				GCC_WARN_ABOUT_RETURN_TYPE = YES_ERROR;
				GCC_WARN_UNDECLARED_SELECTOR = YES;
				GCC_WARN_UNINITIALIZED_AUTOS = YES_AGGRESSIVE;
				GCC_WARN_UNUSED_FUNCTION = YES;
				GCC_WARN_UNUSED_VARIABLE = YES;
				IPHONEOS_DEPLOYMENT_TARGET = 11.0;
				MTL_ENABLE_DEBUG_INFO = YES;
				ONLY_ACTIVE_ARCH = YES;
				SDKROOT = iphoneos;
				SWIFT_ACTIVE_COMPILATION_CONDITIONS = DEBUG;
				SWIFT_OPTIMIZATION_LEVEL = "-Onone";
			};
			name = Debug;
		};
		025E2B3E1F7599BD00FB9780 /* Release */ = {
			isa = XCBuildConfiguration;
			buildSettings = {
				ALWAYS_SEARCH_USER_PATHS = NO;
				CLANG_ANALYZER_NONNULL = YES;
				CLANG_ANALYZER_NUMBER_OBJECT_CONVERSION = YES_AGGRESSIVE;
				CLANG_CXX_LANGUAGE_STANDARD = "gnu++14";
				CLANG_CXX_LIBRARY = "libc++";
				CLANG_ENABLE_MODULES = YES;
				CLANG_ENABLE_OBJC_ARC = YES;
				CLANG_WARN_BLOCK_CAPTURE_AUTORELEASING = YES;
				CLANG_WARN_BOOL_CONVERSION = YES;
				CLANG_WARN_COMMA = YES;
				CLANG_WARN_CONSTANT_CONVERSION = YES;
				CLANG_WARN_DIRECT_OBJC_ISA_USAGE = YES_ERROR;
				CLANG_WARN_DOCUMENTATION_COMMENTS = YES;
				CLANG_WARN_EMPTY_BODY = YES;
				CLANG_WARN_ENUM_CONVERSION = YES;
				CLANG_WARN_INFINITE_RECURSION = YES;
				CLANG_WARN_INT_CONVERSION = YES;
				CLANG_WARN_NON_LITERAL_NULL_CONVERSION = YES;
				CLANG_WARN_OBJC_LITERAL_CONVERSION = YES;
				CLANG_WARN_OBJC_ROOT_CLASS = YES_ERROR;
				CLANG_WARN_RANGE_LOOP_ANALYSIS = YES;
				CLANG_WARN_STRICT_PROTOTYPES = YES;
				CLANG_WARN_SUSPICIOUS_MOVE = YES;
				CLANG_WARN_UNGUARDED_AVAILABILITY = YES_AGGRESSIVE;
				CLANG_WARN_UNREACHABLE_CODE = YES;
				CLANG_WARN__DUPLICATE_METHOD_MATCH = YES;
				CODE_SIGN_IDENTITY = "iPhone Developer";
				COPY_PHASE_STRIP = NO;
				DEBUG_INFORMATION_FORMAT = "dwarf-with-dsym";
				ENABLE_NS_ASSERTIONS = NO;
				ENABLE_STRICT_OBJC_MSGSEND = YES;
				GCC_C_LANGUAGE_STANDARD = gnu11;
				GCC_NO_COMMON_BLOCKS = YES;
				GCC_WARN_64_TO_32_BIT_CONVERSION = YES;
				GCC_WARN_ABOUT_RETURN_TYPE = YES_ERROR;
				GCC_WARN_UNDECLARED_SELECTOR = YES;
				GCC_WARN_UNINITIALIZED_AUTOS = YES_AGGRESSIVE;
				GCC_WARN_UNUSED_FUNCTION = YES;
				GCC_WARN_UNUSED_VARIABLE = YES;
				IPHONEOS_DEPLOYMENT_TARGET = 11.0;
				MTL_ENABLE_DEBUG_INFO = NO;
				SDKROOT = iphoneos;
				SWIFT_OPTIMIZATION_LEVEL = "-Owholemodule";
				VALIDATE_PRODUCT = YES;
			};
			name = Release;
		};
		025E2B401F7599BD00FB9780 /* Debug */ = {
			isa = XCBuildConfiguration;
			buildSettings = {
				ASSETCATALOG_COMPILER_APPICON_NAME = AppIcon;
				CODE_SIGN_STYLE = Automatic;
				DEVELOPMENT_TEAM = XF4U8W5J97;
				INFOPLIST_FILE = HwSProject19/Info.plist;
				LD_RUNPATH_SEARCH_PATHS = "$(inherited) @executable_path/Frameworks";
				PRODUCT_BUNDLE_IDENTIFIER = ssvendse.HwSProject19;
				PRODUCT_NAME = "$(TARGET_NAME)";
				SWIFT_VERSION = 4.0;
				TARGETED_DEVICE_FAMILY = "1,2";
			};
			name = Debug;
		};
		025E2B411F7599BD00FB9780 /* Release */ = {
			isa = XCBuildConfiguration;
			buildSettings = {
				ASSETCATALOG_COMPILER_APPICON_NAME = AppIcon;
				CODE_SIGN_STYLE = Automatic;
				DEVELOPMENT_TEAM = XF4U8W5J97;
				INFOPLIST_FILE = HwSProject19/Info.plist;
				LD_RUNPATH_SEARCH_PATHS = "$(inherited) @executable_path/Frameworks";
				PRODUCT_BUNDLE_IDENTIFIER = ssvendse.HwSProject19;
				PRODUCT_NAME = "$(TARGET_NAME)";
				SWIFT_VERSION = 4.0;
				TARGETED_DEVICE_FAMILY = "1,2";
			};
			name = Release;
		};
/* End XCBuildConfiguration section */

/* Begin XCConfigurationList section */
		025E2B281F7599BC00FB9780 /* Build configuration list for PBXProject "HwSProject19" */ = {
			isa = XCConfigurationList;
			buildConfigurations = (
				025E2B3D1F7599BD00FB9780 /* Debug */,
				025E2B3E1F7599BD00FB9780 /* Release */,
			);
			defaultConfigurationIsVisible = 0;
			defaultConfigurationName = Release;
		};
		025E2B3F1F7599BD00FB9780 /* Build configuration list for PBXNativeTarget "HwSProject19" */ = {
			isa = XCConfigurationList;
			buildConfigurations = (
				025E2B401F7599BD00FB9780 /* Debug */,
				025E2B411F7599BD00FB9780 /* Release */,
			);
			defaultConfigurationIsVisible = 0;
			defaultConfigurationName = Release;
		};
/* End XCConfigurationList section */
	};
	rootObject = 025E2B251F7599BC00FB9780 /* Project object */;
}
